
Microsoft Visual Studio Solution File, Format Version 12.00
# Visual Studio 2012
Project("{FAE04EC0-301F-11D3-BF4B-00C04F79EFBC}") = "Summariser", "Summariser\Summariser.csproj", "{B7E27695-AF47-42B9-A9FD-F50B371B4F87}"
EndProject
Project("{FAE04EC0-301F-11D3-BF4B-00C04F79EFBC}") = "Summariser.Data", "Summariser.Data\Summariser.Data.csproj", "{5910B36A-C181-4A32-B974-A3485D363AC6}"
EndProject
Global
	GlobalSection(SolutionConfigurationPlatforms) = preSolution
		Debug|Any CPU = Debug|Any CPU
		Release|Any CPU = Release|Any CPU
	EndGlobalSection
	GlobalSection(ProjectConfigurationPlatforms) = postSolution
		{B7E27695-AF47-42B9-A9FD-F50B371B4F87}.Debug|Any CPU.ActiveCfg = Debug|Any CPU
		{B7E27695-AF47-42B9-A9FD-F50B371B4F87}.Debug|Any CPU.Build.0 = Debug|Any CPU
		{B7E27695-AF47-42B9-A9FD-F50B371B4F87}.Release|Any CPU.ActiveCfg = Release|Any CPU
		{B7E27695-AF47-42B9-A9FD-F50B371B4F87}.Release|Any CPU.Build.0 = Release|Any CPU
		{5910B36A-C181-4A32-B974-A3485D363AC6}.Debug|Any CPU.ActiveCfg = Debug|Any CPU
		{5910B36A-C181-4A32-B974-A3485D363AC6}.Debug|Any CPU.Build.0 = Debug|Any CPU
		{5910B36A-C181-4A32-B974-A3485D363AC6}.Release|Any CPU.ActiveCfg = Release|Any CPU
		{5910B36A-C181-4A32-B974-A3485D363AC6}.Release|Any CPU.Build.0 = Release|Any CPU
	EndGlobalSection
	GlobalSection(SolutionProperties) = preSolution
		HideSolutionNode = FALSE
	EndGlobalSection
EndGlobal
